
Microsoft Visual Studio Solution File, Format Version 12.00
# Visual Studio Version 17
VisualStudioVersion = 17.10.35122.118
MinimumVisualStudioVersion = 10.0.40219.1
Project("{FAE04EC0-301F-11D3-BF4B-00C04F79EFBC}") = "SearchTracker", "SearchTracker.csproj", "{27C0C3FB-FCB2-47EF-A74B-A52FFDC9EBC9}"
EndProject
Global
	GlobalSection(SolutionConfigurationPlatforms) = preSolution
		Debug|Any CPU = Debug|Any CPU
		Release|Any CPU = Release|Any CPU
	EndGlobalSection
	GlobalSection(ProjectConfigurationPlatforms) = postSolution
		{27C0C3FB-FCB2-47EF-A74B-A52FFDC9EBC9}.Debug|Any CPU.ActiveCfg = Debug|Any CPU
		{27C0C3FB-FCB2-47EF-A74B-A52FFDC9EBC9}.Debug|Any CPU.Build.0 = Debug|Any CPU
		{27C0C3FB-FCB2-47EF-A74B-A52FFDC9EBC9}.Release|Any CPU.ActiveCfg = Release|Any CPU
		{27C0C3FB-FCB2-47EF-A74B-A52FFDC9EBC9}.Release|Any CPU.Build.0 = Release|Any CPU
	EndGlobalSection
	GlobalSection(SolutionProperties) = preSolution
		HideSolutionNode = FALSE
	EndGlobalSection
	GlobalSection(ExtensibilityGlobals) = postSolution
		SolutionGuid = {84E2A34E-DC2C-4AAF-80E8-F00B1AF6F6F8}
	EndGlobalSection
EndGlobal
